
Microsoft Visual Studio Solution File, Format Version 12.00
# Visual Studio Version 17
VisualStudioVersion = 17.11.35431.28
MinimumVisualStudioVersion = 10.0.40219.1
Project("{FAE04EC0-301F-11D3-BF4B-00C04F79EFBC}") = "Mastermind 3", "Mastermind 3\Mastermind 3.csproj", "{773BC69B-F19A-48A9-B9EC-56F414BCE0E3}"
EndProject
Global
	GlobalSection(SolutionConfigurationPlatforms) = preSolution
		Debug|Any CPU = Debug|Any CPU
		Release|Any CPU = Release|Any CPU
	EndGlobalSection
	GlobalSection(ProjectConfigurationPlatforms) = postSolution
		{773BC69B-F19A-48A9-B9EC-56F414BCE0E3}.Debug|Any CPU.ActiveCfg = Debug|Any CPU
		{773BC69B-F19A-48A9-B9EC-56F414BCE0E3}.Debug|Any CPU.Build.0 = Debug|Any CPU
		{773BC69B-F19A-48A9-B9EC-56F414BCE0E3}.Release|Any CPU.ActiveCfg = Release|Any CPU
		{773BC69B-F19A-48A9-B9EC-56F414BCE0E3}.Release|Any CPU.Build.0 = Release|Any CPU
	EndGlobalSection
	GlobalSection(SolutionProperties) = preSolution
		HideSolutionNode = FALSE
	EndGlobalSection
	GlobalSection(ExtensibilityGlobals) = postSolution
		SolutionGuid = {57891973-A421-4C48-B46A-72B769744B74}
	EndGlobalSection
EndGlobal
